
Microsoft Visual Studio Solution File, Format Version 12.00
# Visual Studio Version 16
VisualStudioVersion = 16.0.30717.126
MinimumVisualStudioVersion = 15.0.26124.0
Project("{9A19103F-16F7-4668-BE54-9A1E7A4F7556}") = "ConsoleApp", "ConsoleApp\ConsoleApp.csproj", "{1C613899-5D6C-465D-BF53-B591A1371F49}"
EndProject
Project("{FAE04EC0-301F-11D3-BF4B-00C04F79EFBC}") = "ConsoleAppSimplePub", "ConsoleAppSimplePub\ConsoleAppSimplePub.csproj", "{8C91E48C-7C2D-45E1-892D-52FAFB694283}"
EndProject
Project("{FAE04EC0-301F-11D3-BF4B-00C04F79EFBC}") = "ConsoleAppSimpleSub", "ConsoleAppSimpleSub\ConsoleAppSimpleSub.csproj", "{C414E9FD-2636-40A7-9960-414FCDF14010}"
EndProject
Global
	GlobalSection(SolutionConfigurationPlatforms) = preSolution
		Debug|Any CPU = Debug|Any CPU
		Debug|x64 = Debug|x64
		Debug|x86 = Debug|x86
		Release|Any CPU = Release|Any CPU
		Release|x64 = Release|x64
		Release|x86 = Release|x86
	EndGlobalSection
	GlobalSection(ProjectConfigurationPlatforms) = postSolution
		{1C613899-5D6C-465D-BF53-B591A1371F49}.Debug|Any CPU.ActiveCfg = Debug|Any CPU
		{1C613899-5D6C-465D-BF53-B591A1371F49}.Debug|Any CPU.Build.0 = Debug|Any CPU
		{1C613899-5D6C-465D-BF53-B591A1371F49}.Debug|x64.ActiveCfg = Debug|Any CPU
		{1C613899-5D6C-465D-BF53-B591A1371F49}.Debug|x64.Build.0 = Debug|Any CPU
		{1C613899-5D6C-465D-BF53-B591A1371F49}.Debug|x86.ActiveCfg = Debug|Any CPU
		{1C613899-5D6C-465D-BF53-B591A1371F49}.Debug|x86.Build.0 = Debug|Any CPU
		{1C613899-5D6C-465D-BF53-B591A1371F49}.Release|Any CPU.ActiveCfg = Release|Any CPU
		{1C613899-5D6C-465D-BF53-B591A1371F49}.Release|Any CPU.Build.0 = Release|Any CPU
		{1C613899-5D6C-465D-BF53-B591A1371F49}.Release|x64.ActiveCfg = Release|Any CPU
		{1C613899-5D6C-465D-BF53-B591A1371F49}.Release|x64.Build.0 = Release|Any CPU
		{1C613899-5D6C-465D-BF53-B591A1371F49}.Release|x86.ActiveCfg = Release|Any CPU
		{1C613899-5D6C-465D-BF53-B591A1371F49}.Release|x86.Build.0 = Release|Any CPU
		{8C91E48C-7C2D-45E1-892D-52FAFB694283}.Debug|Any CPU.ActiveCfg = Debug|Any CPU
		{8C91E48C-7C2D-45E1-892D-52FAFB694283}.Debug|Any CPU.Build.0 = Debug|Any CPU
		{8C91E48C-7C2D-45E1-892D-52FAFB694283}.Debug|x64.ActiveCfg = Debug|Any CPU
		{8C91E48C-7C2D-45E1-892D-52FAFB694283}.Debug|x64.Build.0 = Debug|Any CPU
		{8C91E48C-7C2D-45E1-892D-52FAFB694283}.Debug|x86.ActiveCfg = Debug|Any CPU
		{8C91E48C-7C2D-45E1-892D-52FAFB694283}.Debug|x86.Build.0 = Debug|Any CPU
		{8C91E48C-7C2D-45E1-892D-52FAFB694283}.Release|Any CPU.ActiveCfg = Release|Any CPU
		{8C91E48C-7C2D-45E1-892D-52FAFB694283}.Release|Any CPU.Build.0 = Release|Any CPU
		{8C91E48C-7C2D-45E1-892D-52FAFB694283}.Release|x64.ActiveCfg = Release|Any CPU
		{8C91E48C-7C2D-45E1-892D-52FAFB694283}.Release|x64.Build.0 = Release|Any CPU
		{8C91E48C-7C2D-45E1-892D-52FAFB694283}.Release|x86.ActiveCfg = Release|Any CPU
		{8C91E48C-7C2D-45E1-892D-52FAFB694283}.Release|x86.Build.0 = Release|Any CPU
		{C414E9FD-2636-40A7-9960-414FCDF14010}.Debug|Any CPU.ActiveCfg = Debug|Any CPU
		{C414E9FD-2636-40A7-9960-414FCDF14010}.Debug|Any CPU.Build.0 = Debug|Any CPU
		{C414E9FD-2636-40A7-9960-414FCDF14010}.Debug|x64.ActiveCfg = Debug|Any CPU
		{C414E9FD-2636-40A7-9960-414FCDF14010}.Debug|x64.Build.0 = Debug|Any CPU
		{C414E9FD-2636-40A7-9960-414FCDF14010}.Debug|x86.ActiveCfg = Debug|Any CPU
		{C414E9FD-2636-40A7-9960-414FCDF14010}.Debug|x86.Build.0 = Debug|Any CPU
		{C414E9FD-2636-40A7-9960-414FCDF14010}.Release|Any CPU.ActiveCfg = Release|Any CPU
		{C414E9FD-2636-40A7-9960-414FCDF14010}.Release|Any CPU.Build.0 = Release|Any CPU
		{C414E9FD-2636-40A7-9960-414FCDF14010}.Release|x64.ActiveCfg = Release|Any CPU
		{C414E9FD-2636-40A7-9960-414FCDF14010}.Release|x64.Build.0 = Release|Any CPU
		{C414E9FD-2636-40A7-9960-414FCDF14010}.Release|x86.ActiveCfg = Release|Any CPU
		{C414E9FD-2636-40A7-9960-414FCDF14010}.Release|x86.Build.0 = Release|Any CPU
	EndGlobalSection
	GlobalSection(SolutionProperties) = preSolution
		HideSolutionNode = FALSE
	EndGlobalSection
	GlobalSection(ExtensibilityGlobals) = postSolution
		SolutionGuid = {631C0947-A03C-4BEF-9A1E-1291C41FBD65}
	EndGlobalSection
EndGlobal
